// !$*UTF8*$!
{
	archiveVersion = 1;
	classes = {
	};
	objectVersion = 50;
	objects = {

/* Begin PBXBuildFile section */
		568DA37E2610599E008B8D1D /* NightWatchApp.swift in Sources */ = {isa = PBXBuildFile; fileRef = 568DA37D2610599E008B8D1D /* NightWatchApp.swift */; };
		568DA3802610599E008B8D1D /* ContentView.swift in Sources */ = {isa = PBXBuildFile; fileRef = 568DA37F2610599E008B8D1D /* ContentView.swift */; };
		568DA382261059A1008B8D1D /* Assets.xcassets in Resources */ = {isa = PBXBuildFile; fileRef = 568DA381261059A1008B8D1D /* Assets.xcassets */; };
		568DA385261059A1008B8D1D /* Preview Assets.xcassets in Resources */ = {isa = PBXBuildFile; fileRef = 568DA384261059A1008B8D1D /* Preview Assets.xcassets */; };
		568DA390261059A1008B8D1D /* NightWatchTests.swift in Sources */ = {isa = PBXBuildFile; fileRef = 568DA38F261059A1008B8D1D /* NightWatchTests.swift */; };
		568DA39B261059A1008B8D1D /* NightWatchUITests.swift in Sources */ = {isa = PBXBuildFile; fileRef = 568DA39A261059A1008B8D1D /* NightWatchUITests.swift */; };
/* End PBXBuildFile section */

/* Begin PBXContainerItemProxy section */
		568DA38C261059A1008B8D1D /* PBXContainerItemProxy */ = {
			isa = PBXContainerItemProxy;
			containerPortal = 568DA3722610599E008B8D1D /* Project object */;
			proxyType = 1;
			remoteGlobalIDString = 568DA3792610599E008B8D1D;
			remoteInfo = NightWatch;
		};
		568DA397261059A1008B8D1D /* PBXContainerItemProxy */ = {
			isa = PBXContainerItemProxy;
			containerPortal = 568DA3722610599E008B8D1D /* Project object */;
			proxyType = 1;
			remoteGlobalIDString = 568DA3792610599E008B8D1D;
			remoteInfo = NightWatch;
		};
/* End PBXContainerItemProxy section */

/* Begin PBXFileReference section */
		568DA37A2610599E008B8D1D /* NightWatch.app */ = {isa = PBXFileReference; explicitFileType = wrapper.application; includeInIndex = 0; path = NightWatch.app; sourceTree = BUILT_PRODUCTS_DIR; };
		568DA37D2610599E008B8D1D /* NightWatchApp.swift */ = {isa = PBXFileReference; lastKnownFileType = sourcecode.swift; path = NightWatchApp.swift; sourceTree = "<group>"; };
		568DA37F2610599E008B8D1D /* ContentView.swift */ = {isa = PBXFileReference; lastKnownFileType = sourcecode.swift; path = ContentView.swift; sourceTree = "<group>"; };
		568DA381261059A1008B8D1D /* Assets.xcassets */ = {isa = PBXFileReference; lastKnownFileType = folder.assetcatalog; path = Assets.xcassets; sourceTree = "<group>"; };
		568DA384261059A1008B8D1D /* Preview Assets.xcassets */ = {isa = PBXFileReference; lastKnownFileType = folder.assetcatalog; path = "Preview Assets.xcassets"; sourceTree = "<group>"; };
		568DA386261059A1008B8D1D /* Info.plist */ = {isa = PBXFileReference; lastKnownFileType = text.plist.xml; path = Info.plist; sourceTree = "<group>"; };
		568DA38B261059A1008B8D1D /* NightWatchTests.xctest */ = {isa = PBXFileReference; explicitFileType = wrapper.cfbundle; includeInIndex = 0; path = NightWatchTests.xctest; sourceTree = BUILT_PRODUCTS_DIR; };
		568DA38F261059A1008B8D1D /* NightWatchTests.swift */ = {isa = PBXFileReference; lastKnownFileType = sourcecode.swift; path = NightWatchTests.swift; sourceTree = "<group>"; };
		568DA391261059A1008B8D1D /* Info.plist */ = {isa = PBXFileReference; lastKnownFileType = text.plist.xml; path = Info.plist; sourceTree = "<group>"; };
		568DA396261059A1008B8D1D /* NightWatchUITests.xctest */ = {isa = PBXFileReference; explicitFileType = wrapper.cfbundle; includeInIndex = 0; path = NightWatchUITests.xctest; sourceTree = BUILT_PRODUCTS_DIR; };
		568DA39A261059A1008B8D1D /* NightWatchUITests.swift */ = {isa = PBXFileReference; lastKnownFileType = sourcecode.swift; path = NightWatchUITests.swift; sourceTree = "<group>"; };
		568DA39C261059A1008B8D1D /* Info.plist */ = {isa = PBXFileReference; lastKnownFileType = text.plist.xml; path = Info.plist; sourceTree = "<group>"; };
/* End PBXFileReference section */

/* Begin PBXFrameworksBuildPhase section */
		568DA3772610599E008B8D1D /* Frameworks */ = {
			isa = PBXFrameworksBuildPhase;
			buildActionMask = 2147483647;
			files = (
			);
			runOnlyForDeploymentPostprocessing = 0;
		};
		568DA388261059A1008B8D1D /* Frameworks */ = {
			isa = PBXFrameworksBuildPhase;
			buildActionMask = 2147483647;
			files = (
			);
			runOnlyForDeploymentPostprocessing = 0;
		};
		568DA393261059A1008B8D1D /* Frameworks */ = {
			isa = PBXFrameworksBuildPhase;
			buildActionMask = 2147483647;
			files = (
			);
			runOnlyForDeploymentPostprocessing = 0;
		};
/* End PBXFrameworksBuildPhase section */

/* Begin PBXGroup section */
		568DA3712610599E008B8D1D = {
			isa = PBXGroup;
			children = (
				568DA37C2610599E008B8D1D /* NightWatch */,
				568DA38E261059A1008B8D1D /* NightWatchTests */,
				568DA399261059A1008B8D1D /* NightWatchUITests */,
				568DA37B2610599E008B8D1D /* Products */,
			);
			sourceTree = "<group>";
		};
		568DA37B2610599E008B8D1D /* Products */ = {
			isa = PBXGroup;
			children = (
				568DA37A2610599E008B8D1D /* NightWatch.app */,
				568DA38B261059A1008B8D1D /* NightWatchTests.xctest */,
				568DA396261059A1008B8D1D /* NightWatchUITests.xctest */,
			);
			name = Products;
			sourceTree = "<group>";
		};
		568DA37C2610599E008B8D1D /* NightWatch */ = {
			isa = PBXGroup;
			children = (
				568DA37D2610599E008B8D1D /* NightWatchApp.swift */,
				568DA37F2610599E008B8D1D /* ContentView.swift */,
				568DA381261059A1008B8D1D /* Assets.xcassets */,
				568DA386261059A1008B8D1D /* Info.plist */,
				568DA383261059A1008B8D1D /* Preview Content */,
			);
			path = NightWatch;
			sourceTree = "<group>";
		};
		568DA383261059A1008B8D1D /* Preview Content */ = {
			isa = PBXGroup;
			children = (
				568DA384261059A1008B8D1D /* Preview Assets.xcassets */,
			);
			path = "Preview Content";
			sourceTree = "<group>";
		};
		568DA38E261059A1008B8D1D /* NightWatchTests */ = {
			isa = PBXGroup;
			children = (
				568DA38F261059A1008B8D1D /* NightWatchTests.swift */,
				568DA391261059A1008B8D1D /* Info.plist */,
			);
			path = NightWatchTests;
			sourceTree = "<group>";
		};
		568DA399261059A1008B8D1D /* NightWatchUITests */ = {
			isa = PBXGroup;
			children = (
				568DA39A261059A1008B8D1D /* NightWatchUITests.swift */,
				568DA39C261059A1008B8D1D /* Info.plist */,
			);
			path = NightWatchUITests;
			sourceTree = "<group>";
		};
/* End PBXGroup section */

/* Begin PBXNativeTarget section */
		568DA3792610599E008B8D1D /* NightWatch */ = {
			isa = PBXNativeTarget;
			buildConfigurationList = 568DA39F261059A1008B8D1D /* Build configuration list for PBXNativeTarget "NightWatch" */;
			buildPhases = (
				568DA3762610599E008B8D1D /* Sources */,
				568DA3772610599E008B8D1D /* Frameworks */,
				568DA3782610599E008B8D1D /* Resources */,
			);
			buildRules = (
			);
			dependencies = (
			);
			name = NightWatch;
			productName = NightWatch;
			productReference = 568DA37A2610599E008B8D1D /* NightWatch.app */;
			productType = "com.apple.product-type.application";
		};
		568DA38A261059A1008B8D1D /* NightWatchTests */ = {
			isa = PBXNativeTarget;
			buildConfigurationList = 568DA3A2261059A1008B8D1D /* Build configuration list for PBXNativeTarget "NightWatchTests" */;
			buildPhases = (
				568DA387261059A1008B8D1D /* Sources */,
				568DA388261059A1008B8D1D /* Frameworks */,
				568DA389261059A1008B8D1D /* Resources */,
			);
			buildRules = (
			);
			dependencies = (
				568DA38D261059A1008B8D1D /* PBXTargetDependency */,
			);
			name = NightWatchTests;
			productName = NightWatchTests;
			productReference = 568DA38B261059A1008B8D1D /* NightWatchTests.xctest */;
			productType = "com.apple.product-type.bundle.unit-test";
		};
		568DA395261059A1008B8D1D /* NightWatchUITests */ = {
			isa = PBXNativeTarget;
			buildConfigurationList = 568DA3A5261059A1008B8D1D /* Build configuration list for PBXNativeTarget "NightWatchUITests" */;
			buildPhases = (
				568DA392261059A1008B8D1D /* Sources */,
				568DA393261059A1008B8D1D /* Frameworks */,
				568DA394261059A1008B8D1D /* Resources */,
			);
			buildRules = (
			);
			dependencies = (
				568DA398261059A1008B8D1D /* PBXTargetDependency */,
			);
			name = NightWatchUITests;
			productName = NightWatchUITests;
			productReference = 568DA396261059A1008B8D1D /* NightWatchUITests.xctest */;
			productType = "com.apple.product-type.bundle.ui-testing";
		};
/* End PBXNativeTarget section */

/* Begin PBXProject section */
		568DA3722610599E008B8D1D /* Project object */ = {
			isa = PBXProject;
			attributes = {
				LastSwiftUpdateCheck = 1240;
				LastUpgradeCheck = 1240;
				TargetAttributes = {
					568DA3792610599E008B8D1D = {
						CreatedOnToolsVersion = 12.4;
					};
					568DA38A261059A1008B8D1D = {
						CreatedOnToolsVersion = 12.4;
						TestTargetID = 568DA3792610599E008B8D1D;
					};
					568DA395261059A1008B8D1D = {
						CreatedOnToolsVersion = 12.4;
						TestTargetID = 568DA3792610599E008B8D1D;
					};
				};
			};
			buildConfigurationList = 568DA3752610599E008B8D1D /* Build configuration list for PBXProject "NightWatch" */;
			compatibilityVersion = "Xcode 9.3";
			developmentRegion = en;
			hasScannedForEncodings = 0;
			knownRegions = (
				en,
				Base,
			);
			mainGroup = 568DA3712610599E008B8D1D;
			productRefGroup = 568DA37B2610599E008B8D1D /* Products */;
			projectDirPath = "";
			projectRoot = "";
			targets = (
				568DA3792610599E008B8D1D /* NightWatch */,
				568DA38A261059A1008B8D1D /* NightWatchTests */,
				568DA395261059A1008B8D1D /* NightWatchUITests */,
			);
		};
/* End PBXProject section */

/* Begin PBXResourcesBuildPhase section */
		568DA3782610599E008B8D1D /* Resources */ = {
			isa = PBXResourcesBuildPhase;
			buildActionMask = 2147483647;
			files = (
				568DA385261059A1008B8D1D /* Preview Assets.xcassets in Resources */,
				568DA382261059A1008B8D1D /* Assets.xcassets in Resources */,
			);
			runOnlyForDeploymentPostprocessing = 0;
		};
		568DA389261059A1008B8D1D /* Resources */ = {
			isa = PBXResourcesBuildPhase;
			buildActionMask = 2147483647;
			files = (
			);
			runOnlyForDeploymentPostprocessing = 0;
		};
		568DA394261059A1008B8D1D /* Resources */ = {
			isa = PBXResourcesBuildPhase;
			buildActionMask = 2147483647;
			files = (
			);
			runOnlyForDeploymentPostprocessing = 0;
		};
/* End PBXResourcesBuildPhase section */

/* Begin PBXSourcesBuildPhase section */
		568DA3762610599E008B8D1D /* Sources */ = {
			isa = PBXSourcesBuildPhase;
			buildActionMask = 2147483647;
			files = (
				568DA3802610599E008B8D1D /* ContentView.swift in Sources */,
				568DA37E2610599E008B8D1D /* NightWatchApp.swift in Sources */,
			);
			runOnlyForDeploymentPostprocessing = 0;
		};
		568DA387261059A1008B8D1D /* Sources */ = {
			isa = PBXSourcesBuildPhase;
			buildActionMask = 2147483647;
			files = (
				568DA390261059A1008B8D1D /* NightWatchTests.swift in Sources */,
			);
			runOnlyForDeploymentPostprocessing = 0;
		};
		568DA392261059A1008B8D1D /* Sources */ = {
			isa = PBXSourcesBuildPhase;
			buildActionMask = 2147483647;
			files = (
				568DA39B261059A1008B8D1D /* NightWatchUITests.swift in Sources */,
			);
			runOnlyForDeploymentPostprocessing = 0;
		};
/* End PBXSourcesBuildPhase section */

/* Begin PBXTargetDependency section */
		568DA38D261059A1008B8D1D /* PBXTargetDependency */ = {
			isa = PBXTargetDependency;
			target = 568DA3792610599E008B8D1D /* NightWatch */;
			targetProxy = 568DA38C261059A1008B8D1D /* PBXContainerItemProxy */;
		};
		568DA398261059A1008B8D1D /* PBXTargetDependency */ = {
			isa = PBXTargetDependency;
			target = 568DA3792610599E008B8D1D /* NightWatch */;
			targetProxy = 568DA397261059A1008B8D1D /* PBXContainerItemProxy */;
		};
/* End PBXTargetDependency section */

/* Begin XCBuildConfiguration section */
		568DA39D261059A1008B8D1D /* Debug */ = {
			isa = XCBuildConfiguration;
			buildSettings = {
				ALWAYS_SEARCH_USER_PATHS = NO;
				CLANG_ANALYZER_NONNULL = YES;
				CLANG_ANALYZER_NUMBER_OBJECT_CONVERSION = YES_AGGRESSIVE;
				CLANG_CXX_LANGUAGE_STANDARD = "gnu++14";
				CLANG_CXX_LIBRARY = "libc++";
				CLANG_ENABLE_MODULES = YES;
				CLANG_ENABLE_OBJC_ARC = YES;
				CLANG_ENABLE_OBJC_WEAK = YES;
				CLANG_WARN_BLOCK_CAPTURE_AUTORELEASING = YES;
				CLANG_WARN_BOOL_CONVERSION = YES;
				CLANG_WARN_COMMA = YES;
				CLANG_WARN_CONSTANT_CONVERSION = YES;
				CLANG_WARN_DEPRECATED_OBJC_IMPLEMENTATIONS = YES;
				CLANG_WARN_DIRECT_OBJC_ISA_USAGE = YES_ERROR;
				CLANG_WARN_DOCUMENTATION_COMMENTS = YES;
				CLANG_WARN_EMPTY_BODY = YES;
				CLANG_WARN_ENUM_CONVERSION = YES;
				CLANG_WARN_INFINITE_RECURSION = YES;
				CLANG_WARN_INT_CONVERSION = YES;
				CLANG_WARN_NON_LITERAL_NULL_CONVERSION = YES;
				CLANG_WARN_OBJC_IMPLICIT_RETAIN_SELF = YES;
				CLANG_WARN_OBJC_LITERAL_CONVERSION = YES;
				CLANG_WARN_OBJC_ROOT_CLASS = YES_ERROR;
				CLANG_WARN_QUOTED_INCLUDE_IN_FRAMEWORK_HEADER = YES;
				CLANG_WARN_RANGE_LOOP_ANALYSIS = YES;
				CLANG_WARN_STRICT_PROTOTYPES = YES;
				CLANG_WARN_SUSPICIOUS_MOVE = YES;
				CLANG_WARN_UNGUARDED_AVAILABILITY = YES_AGGRESSIVE;
				CLANG_WARN_UNREACHABLE_CODE = YES;
				CLANG_WARN__DUPLICATE_METHOD_MATCH = YES;
				COPY_PHASE_STRIP = NO;
				DEBUG_INFORMATION_FORMAT = dwarf;
				ENABLE_STRICT_OBJC_MSGSEND = YES;
				ENABLE_TESTABILITY = YES;
				GCC_C_LANGUAGE_STANDARD = gnu11;
				GCC_DYNAMIC_NO_PIC = NO;
				GCC_NO_COMMON_BLOCKS = YES;
				GCC_OPTIMIZATION_LEVEL = 0;
				GCC_PREPROCESSOR_DEFINITIONS = (
					"DEBUG=1",
					"$(inherited)",
				);
				GCC_WARN_64_TO_32_BIT_CONVERSION = YES;
				GCC_WARN_ABOUT_RETURN_TYPE = YES_ERROR;
				GCC_WARN_UNDECLARED_SELECTOR = YES;
				GCC_WARN_UNINITIALIZED_AUTOS = YES_AGGRESSIVE;
				GCC_WARN_UNUSED_FUNCTION = YES;
				GCC_WARN_UNUSED_VARIABLE = YES;
				IPHONEOS_DEPLOYMENT_TARGET = 14.4;
				MTL_ENABLE_DEBUG_INFO = INCLUDE_SOURCE;
				MTL_FAST_MATH = YES;
				ONLY_ACTIVE_ARCH = YES;
				SDKROOT = iphoneos;
				SWIFT_ACTIVE_COMPILATION_CONDITIONS = DEBUG;
				SWIFT_OPTIMIZATION_LEVEL = "-Onone";
			};
			name = Debug;
		};
		568DA39E261059A1008B8D1D /* Release */ = {
			isa = XCBuildConfiguration;
			buildSettings = {
				ALWAYS_SEARCH_USER_PATHS = NO;
				CLANG_ANALYZER_NONNULL = YES;
				CLANG_ANALYZER_NUMBER_OBJECT_CONVERSION = YES_AGGRESSIVE;
				CLANG_CXX_LANGUAGE_STANDARD = "gnu++14";
				CLANG_CXX_LIBRARY = "libc++";
				CLANG_ENABLE_MODULES = YES;
				CLANG_ENABLE_OBJC_ARC = YES;
				CLANG_ENABLE_OBJC_WEAK = YES;
				CLANG_WARN_BLOCK_CAPTURE_AUTORELEASING = YES;
				CLANG_WARN_BOOL_CONVERSION = YES;
				CLANG_WARN_COMMA = YES;
				CLANG_WARN_CONSTANT_CONVERSION = YES;
				CLANG_WARN_DEPRECATED_OBJC_IMPLEMENTATIONS = YES;
				CLANG_WARN_DIRECT_OBJC_ISA_USAGE = YES_ERROR;
				CLANG_WARN_DOCUMENTATION_COMMENTS = YES;
				CLANG_WARN_EMPTY_BODY = YES;
				CLANG_WARN_ENUM_CONVERSION = YES;
				CLANG_WARN_INFINITE_RECURSION = YES;
				CLANG_WARN_INT_CONVERSION = YES;
				CLANG_WARN_NON_LITERAL_NULL_CONVERSION = YES;
				CLANG_WARN_OBJC_IMPLICIT_RETAIN_SELF = YES;
				CLANG_WARN_OBJC_LITERAL_CONVERSION = YES;
				CLANG_WARN_OBJC_ROOT_CLASS = YES_ERROR;
				CLANG_WARN_QUOTED_INCLUDE_IN_FRAMEWORK_HEADER = YES;
				CLANG_WARN_RANGE_LOOP_ANALYSIS = YES;
				CLANG_WARN_STRICT_PROTOTYPES = YES;
				CLANG_WARN_SUSPICIOUS_MOVE = YES;
				CLANG_WARN_UNGUARDED_AVAILABILITY = YES_AGGRESSIVE;
				CLANG_WARN_UNREACHABLE_CODE = YES;
				CLANG_WARN__DUPLICATE_METHOD_MATCH = YES;
				COPY_PHASE_STRIP = NO;
				DEBUG_INFORMATION_FORMAT = "dwarf-with-dsym";
				ENABLE_NS_ASSERTIONS = NO;
				ENABLE_STRICT_OBJC_MSGSEND = YES;
				GCC_C_LANGUAGE_STANDARD = gnu11;
				GCC_NO_COMMON_BLOCKS = YES;
				GCC_WARN_64_TO_32_BIT_CONVERSION = YES;
				GCC_WARN_ABOUT_RETURN_TYPE = YES_ERROR;
				GCC_WARN_UNDECLARED_SELECTOR = YES;
				GCC_WARN_UNINITIALIZED_AUTOS = YES_AGGRESSIVE;
				GCC_WARN_UNUSED_FUNCTION = YES;
				GCC_WARN_UNUSED_VARIABLE = YES;
				IPHONEOS_DEPLOYMENT_TARGET = 14.4;
				MTL_ENABLE_DEBUG_INFO = NO;
				MTL_FAST_MATH = YES;
				SDKROOT = iphoneos;
				SWIFT_COMPILATION_MODE = wholemodule;
				SWIFT_OPTIMIZATION_LEVEL = "-O";
				VALIDATE_PRODUCT = YES;
			};
			name = Release;
		};
		568DA3A0261059A1008B8D1D /* Debug */ = {
			isa = XCBuildConfiguration;
			buildSettings = {
				ASSETCATALOG_COMPILER_APPICON_NAME = AppIcon;
				ASSETCATALOG_COMPILER_GLOBAL_ACCENT_COLOR_NAME = AccentColor;
				CODE_SIGN_STYLE = Automatic;
				DEVELOPMENT_ASSET_PATHS = "\"NightWatch/Preview Content\"";
				ENABLE_PREVIEWS = YES;
				INFOPLIST_FILE = NightWatch/Info.plist;
				IPHONEOS_DEPLOYMENT_TARGET = 14.0;
				LD_RUNPATH_SEARCH_PATHS = (
					"$(inherited)",
					"@executable_path/Frameworks",
				);
				PRODUCT_BUNDLE_IDENTIFIER = private.NightWatch;
				PRODUCT_NAME = "$(TARGET_NAME)";
				SWIFT_VERSION = 5.0;
				TARGETED_DEVICE_FAMILY = "1,2";
			};
			name = Debug;
		};
		568DA3A1261059A1008B8D1D /* Release */ = {
			isa = XCBuildConfiguration;
			buildSettings = {
				ASSETCATALOG_COMPILER_APPICON_NAME = AppIcon;
				ASSETCATALOG_COMPILER_GLOBAL_ACCENT_COLOR_NAME = AccentColor;
				CODE_SIGN_STYLE = Automatic;
				DEVELOPMENT_ASSET_PATHS = "\"NightWatch/Preview Content\"";
				ENABLE_PREVIEWS = YES;
				INFOPLIST_FILE = NightWatch/Info.plist;
				IPHONEOS_DEPLOYMENT_TARGET = 14.0;
				LD_RUNPATH_SEARCH_PATHS = (
					"$(inherited)",
					"@executable_path/Frameworks",
				);
				PRODUCT_BUNDLE_IDENTIFIER = private.NightWatch;
				PRODUCT_NAME = "$(TARGET_NAME)";
				SWIFT_VERSION = 5.0;
				TARGETED_DEVICE_FAMILY = "1,2";
			};
			name = Release;
		};
		568DA3A3261059A1008B8D1D /* Debug */ = {
			isa = XCBuildConfiguration;
			buildSettings = {
				ALWAYS_EMBED_SWIFT_STANDARD_LIBRARIES = YES;
				BUNDLE_LOADER = "$(TEST_HOST)";
				CODE_SIGN_STYLE = Automatic;
				INFOPLIST_FILE = NightWatchTests/Info.plist;
				IPHONEOS_DEPLOYMENT_TARGET = 14.0;
				LD_RUNPATH_SEARCH_PATHS = (
					"$(inherited)",
					"@executable_path/Frameworks",
					"@loader_path/Frameworks",
				);
				PRODUCT_BUNDLE_IDENTIFIER = private.NightWatchTests;
				PRODUCT_NAME = "$(TARGET_NAME)";
				SWIFT_VERSION = 5.0;
				TARGETED_DEVICE_FAMILY = "1,2";
				TEST_HOST = "$(BUILT_PRODUCTS_DIR)/NightWatch.app/NightWatch";
			};
			name = Debug;
		};
		568DA3A4261059A1008B8D1D /* Release */ = {
			isa = XCBuildConfiguration;
			buildSettings = {
				ALWAYS_EMBED_SWIFT_STANDARD_LIBRARIES = YES;
				BUNDLE_LOADER = "$(TEST_HOST)";
				CODE_SIGN_STYLE = Automatic;
				INFOPLIST_FILE = NightWatchTests/Info.plist;
				IPHONEOS_DEPLOYMENT_TARGET = 14.0;
				LD_RUNPATH_SEARCH_PATHS = (
					"$(inherited)",
					"@executable_path/Frameworks",
					"@loader_path/Frameworks",
				);
				PRODUCT_BUNDLE_IDENTIFIER = private.NightWatchTests;
				PRODUCT_NAME = "$(TARGET_NAME)";
				SWIFT_VERSION = 5.0;
				TARGETED_DEVICE_FAMILY = "1,2";
				TEST_HOST = "$(BUILT_PRODUCTS_DIR)/NightWatch.app/NightWatch";
			};
			name = Release;
		};
		568DA3A6261059A1008B8D1D /* Debug */ = {
			isa = XCBuildConfiguration;
			buildSettings = {
				ALWAYS_EMBED_SWIFT_STANDARD_LIBRARIES = YES;
				CODE_SIGN_STYLE = Automatic;
				INFOPLIST_FILE = NightWatchUITests/Info.plist;
				LD_RUNPATH_SEARCH_PATHS = (
					"$(inherited)",
					"@executable_path/Frameworks",
					"@loader_path/Frameworks",
				);
				PRODUCT_BUNDLE_IDENTIFIER = private.NightWatchUITests;
				PRODUCT_NAME = "$(TARGET_NAME)";
				SWIFT_VERSION = 5.0;
				TARGETED_DEVICE_FAMILY = "1,2";
				TEST_TARGET_NAME = NightWatch;
			};
			name = Debug;
		};
		568DA3A7261059A1008B8D1D /* Release */ = {
			isa = XCBuildConfiguration;
			buildSettings = {
				ALWAYS_EMBED_SWIFT_STANDARD_LIBRARIES = YES;
				CODE_SIGN_STYLE = Automatic;
				INFOPLIST_FILE = NightWatchUITests/Info.plist;
				LD_RUNPATH_SEARCH_PATHS = (
					"$(inherited)",
					"@executable_path/Frameworks",
					"@loader_path/Frameworks",
				);
				PRODUCT_BUNDLE_IDENTIFIER = private.NightWatchUITests;
				PRODUCT_NAME = "$(TARGET_NAME)";
				SWIFT_VERSION = 5.0;
				TARGETED_DEVICE_FAMILY = "1,2";
				TEST_TARGET_NAME = NightWatch;
			};
			name = Release;
		};
/* End XCBuildConfiguration section */

/* Begin XCConfigurationList section */
		568DA3752610599E008B8D1D /* Build configuration list for PBXProject "NightWatch" */ = {
			isa = XCConfigurationList;
			buildConfigurations = (
				568DA39D261059A1008B8D1D /* Debug */,
				568DA39E261059A1008B8D1D /* Release */,
			);
			defaultConfigurationIsVisible = 0;
			defaultConfigurationName = Release;
		};
		568DA39F261059A1008B8D1D /* Build configuration list for PBXNativeTarget "NightWatch" */ = {
			isa = XCConfigurationList;
			buildConfigurations = (
				568DA3A0261059A1008B8D1D /* Debug */,
				568DA3A1261059A1008B8D1D /* Release */,
			);
			defaultConfigurationIsVisible = 0;
			defaultConfigurationName = Release;
		};
		568DA3A2261059A1008B8D1D /* Build configuration list for PBXNativeTarget "NightWatchTests" */ = {
			isa = XCConfigurationList;
			buildConfigurations = (
				568DA3A3261059A1008B8D1D /* Debug */,
				568DA3A4261059A1008B8D1D /* Release */,
			);
			defaultConfigurationIsVisible = 0;
			defaultConfigurationName = Release;
		};
		568DA3A5261059A1008B8D1D /* Build configuration list for PBXNativeTarget "NightWatchUITests" */ = {
			isa = XCConfigurationList;
			buildConfigurations = (
				568DA3A6261059A1008B8D1D /* Debug */,
				568DA3A7261059A1008B8D1D /* Release */,
			);
			defaultConfigurationIsVisible = 0;
			defaultConfigurationName = Release;
		};
/* End XCConfigurationList section */
	};
	rootObject = 568DA3722610599E008B8D1D /* Project object */;
}
